
Microsoft Visual Studio Solution File, Format Version 12.00
# Visual Studio Version 16
VisualStudioVersion = 16.0.32407.337
MinimumVisualStudioVersion = 10.0.40219.1
Project("{FAE04EC0-301F-11D3-BF4B-00C04F79EFBC}") = "TestSqlToSignalRCommunication", "TestSqlToSignalRCommunication\TestSqlToSignalRCommunication.csproj", "{6BD740B3-7FA0-47DC-9E70-164C41F8EAD2}"
EndProject
Global
	GlobalSection(SolutionConfigurationPlatforms) = preSolution
		Debug|Any CPU = Debug|Any CPU
		Release|Any CPU = Release|Any CPU
	EndGlobalSection
	GlobalSection(ProjectConfigurationPlatforms) = postSolution
		{6BD740B3-7FA0-47DC-9E70-164C41F8EAD2}.Debug|Any CPU.ActiveCfg = Debug|Any CPU
		{6BD740B3-7FA0-47DC-9E70-164C41F8EAD2}.Debug|Any CPU.Build.0 = Debug|Any CPU
		{6BD740B3-7FA0-47DC-9E70-164C41F8EAD2}.Release|Any CPU.ActiveCfg = Release|Any CPU
		{6BD740B3-7FA0-47DC-9E70-164C41F8EAD2}.Release|Any CPU.Build.0 = Release|Any CPU
	EndGlobalSection
	GlobalSection(SolutionProperties) = preSolution
		HideSolutionNode = FALSE
	EndGlobalSection
	GlobalSection(ExtensibilityGlobals) = postSolution
		SolutionGuid = {04252843-DDB5-4A54-90A7-C12FA9C9F966}
	EndGlobalSection
EndGlobal
